// !$*UTF8*$!
{
	archiveVersion = 1;
	classes = {
	};
	objectVersion = 55;
	objects = {

/* Begin PBXBuildFile section */
		4724F0C928A4EE78004204FB /* AppDelegate.swift in Sources */ = {isa = PBXBuildFile; fileRef = 4724F0C828A4EE78004204FB /* AppDelegate.swift */; };
		4724F0CB28A4EE78004204FB /* SceneDelegate.swift in Sources */ = {isa = PBXBuildFile; fileRef = 4724F0CA28A4EE78004204FB /* SceneDelegate.swift */; };
		4724F0CD28A4EE78004204FB /* ViewController.swift in Sources */ = {isa = PBXBuildFile; fileRef = 4724F0CC28A4EE78004204FB /* ViewController.swift */; };
		4724F0D028A4EE78004204FB /* Main.storyboard in Resources */ = {isa = PBXBuildFile; fileRef = 4724F0CE28A4EE78004204FB /* Main.storyboard */; };
		4724F0D228A4EE7A004204FB /* Assets.xcassets in Resources */ = {isa = PBXBuildFile; fileRef = 4724F0D128A4EE7A004204FB /* Assets.xcassets */; };
		4724F0D528A4EE7A004204FB /* LaunchScreen.storyboard in Resources */ = {isa = PBXBuildFile; fileRef = 4724F0D328A4EE7A004204FB /* LaunchScreen.storyboard */; };
		4724F0EA28A4EE7A004204FB /* ProxyChangerUITests.swift in Sources */ = {isa = PBXBuildFile; fileRef = 4724F0E928A4EE7A004204FB /* ProxyChangerUITests.swift */; };
/* End PBXBuildFile section */

/* Begin PBXContainerItemProxy section */
		4724F0E628A4EE7A004204FB /* PBXContainerItemProxy */ = {
			isa = PBXContainerItemProxy;
			containerPortal = 4724F0BD28A4EE78004204FB /* Project object */;
			proxyType = 1;
			remoteGlobalIDString = 4724F0C428A4EE78004204FB;
			remoteInfo = ProxyChanger;
		};
/* End PBXContainerItemProxy section */

/* Begin PBXFileReference section */
		4724F0C528A4EE78004204FB /* ProxyChanger.app */ = {isa = PBXFileReference; explicitFileType = wrapper.application; includeInIndex = 0; path = ProxyChanger.app; sourceTree = BUILT_PRODUCTS_DIR; };
		4724F0C828A4EE78004204FB /* AppDelegate.swift */ = {isa = PBXFileReference; lastKnownFileType = sourcecode.swift; path = AppDelegate.swift; sourceTree = "<group>"; };
		4724F0CA28A4EE78004204FB /* SceneDelegate.swift */ = {isa = PBXFileReference; lastKnownFileType = sourcecode.swift; path = SceneDelegate.swift; sourceTree = "<group>"; };
		4724F0CC28A4EE78004204FB /* ViewController.swift */ = {isa = PBXFileReference; lastKnownFileType = sourcecode.swift; path = ViewController.swift; sourceTree = "<group>"; };
		4724F0CF28A4EE78004204FB /* Base */ = {isa = PBXFileReference; lastKnownFileType = file.storyboard; name = Base; path = Base.lproj/Main.storyboard; sourceTree = "<group>"; };
		4724F0D128A4EE7A004204FB /* Assets.xcassets */ = {isa = PBXFileReference; lastKnownFileType = folder.assetcatalog; path = Assets.xcassets; sourceTree = "<group>"; };
		4724F0D428A4EE7A004204FB /* Base */ = {isa = PBXFileReference; lastKnownFileType = file.storyboard; name = Base; path = Base.lproj/LaunchScreen.storyboard; sourceTree = "<group>"; };
		4724F0D628A4EE7A004204FB /* Info.plist */ = {isa = PBXFileReference; lastKnownFileType = text.plist.xml; path = Info.plist; sourceTree = "<group>"; };
		4724F0E528A4EE7A004204FB /* ProxyChangerUITests.xctest */ = {isa = PBXFileReference; explicitFileType = wrapper.cfbundle; includeInIndex = 0; path = ProxyChangerUITests.xctest; sourceTree = BUILT_PRODUCTS_DIR; };
		4724F0E928A4EE7A004204FB /* ProxyChangerUITests.swift */ = {isa = PBXFileReference; lastKnownFileType = sourcecode.swift; path = ProxyChangerUITests.swift; sourceTree = "<group>"; };
		B04E52B628A5C90D00A101E2 /* Info.plist */ = {isa = PBXFileReference; lastKnownFileType = text.plist; path = Info.plist; sourceTree = "<group>"; };
/* End PBXFileReference section */

/* Begin PBXFrameworksBuildPhase section */
		4724F0C228A4EE78004204FB /* Frameworks */ = {
			isa = PBXFrameworksBuildPhase;
			buildActionMask = 2147483647;
			files = (
			);
			runOnlyForDeploymentPostprocessing = 0;
		};
		4724F0E228A4EE7A004204FB /* Frameworks */ = {
			isa = PBXFrameworksBuildPhase;
			buildActionMask = 2147483647;
			files = (
			);
			runOnlyForDeploymentPostprocessing = 0;
		};
/* End PBXFrameworksBuildPhase section */

/* Begin PBXGroup section */
		4724F0BC28A4EE78004204FB = {
			isa = PBXGroup;
			children = (
				4724F0C728A4EE78004204FB /* ProxyChanger */,
				4724F0E828A4EE7A004204FB /* ProxyChangerUITests */,
				4724F0C628A4EE78004204FB /* Products */,
			);
			sourceTree = "<group>";
		};
		4724F0C628A4EE78004204FB /* Products */ = {
			isa = PBXGroup;
			children = (
				4724F0C528A4EE78004204FB /* ProxyChanger.app */,
				4724F0E528A4EE7A004204FB /* ProxyChangerUITests.xctest */,
			);
			name = Products;
			sourceTree = "<group>";
		};
		4724F0C728A4EE78004204FB /* ProxyChanger */ = {
			isa = PBXGroup;
			children = (
				4724F0C828A4EE78004204FB /* AppDelegate.swift */,
				4724F0CA28A4EE78004204FB /* SceneDelegate.swift */,
				4724F0CC28A4EE78004204FB /* ViewController.swift */,
				4724F0CE28A4EE78004204FB /* Main.storyboard */,
				4724F0D128A4EE7A004204FB /* Assets.xcassets */,
				4724F0D328A4EE7A004204FB /* LaunchScreen.storyboard */,
				4724F0D628A4EE7A004204FB /* Info.plist */,
			);
			path = ProxyChanger;
			sourceTree = "<group>";
		};
		4724F0E828A4EE7A004204FB /* ProxyChangerUITests */ = {
			isa = PBXGroup;
			children = (
				B04E52B628A5C90D00A101E2 /* Info.plist */,
				4724F0E928A4EE7A004204FB /* ProxyChangerUITests.swift */,
			);
			path = ProxyChangerUITests;
			sourceTree = "<group>";
		};
/* End PBXGroup section */

/* Begin PBXNativeTarget section */
		4724F0C428A4EE78004204FB /* ProxyChanger */ = {
			isa = PBXNativeTarget;
			buildConfigurationList = 4724F0EF28A4EE7A004204FB /* Build configuration list for PBXNativeTarget "ProxyChanger" */;
			buildPhases = (
				4724F0C128A4EE78004204FB /* Sources */,
				4724F0C228A4EE78004204FB /* Frameworks */,
				4724F0C328A4EE78004204FB /* Resources */,
			);
			buildRules = (
			);
			dependencies = (
			);
			name = ProxyChanger;
			productName = ProxyChanger;
			productReference = 4724F0C528A4EE78004204FB /* ProxyChanger.app */;
			productType = "com.apple.product-type.application";
		};
		4724F0E428A4EE7A004204FB /* ProxyChangerUITests */ = {
			isa = PBXNativeTarget;
			buildConfigurationList = 4724F0F528A4EE7A004204FB /* Build configuration list for PBXNativeTarget "ProxyChangerUITests" */;
			buildPhases = (
				4724F0E128A4EE7A004204FB /* Sources */,
				4724F0E228A4EE7A004204FB /* Frameworks */,
				4724F0E328A4EE7A004204FB /* Resources */,
			);
			buildRules = (
			);
			dependencies = (
				4724F0E728A4EE7A004204FB /* PBXTargetDependency */,
			);
			name = ProxyChangerUITests;
			productName = ProxyChangerUITests;
			productReference = 4724F0E528A4EE7A004204FB /* ProxyChangerUITests.xctest */;
			productType = "com.apple.product-type.bundle.ui-testing";
		};
/* End PBXNativeTarget section */

/* Begin PBXProject section */
		4724F0BD28A4EE78004204FB /* Project object */ = {
			isa = PBXProject;
			attributes = {
				BuildIndependentTargetsInParallel = 1;
				LastSwiftUpdateCheck = 1320;
				LastUpgradeCheck = 1320;
				TargetAttributes = {
					4724F0C428A4EE78004204FB = {
						CreatedOnToolsVersion = 13.2.1;
					};
					4724F0E428A4EE7A004204FB = {
						CreatedOnToolsVersion = 13.2.1;
						TestTargetID = 4724F0C428A4EE78004204FB;
					};
				};
			};
			buildConfigurationList = 4724F0C028A4EE78004204FB /* Build configuration list for PBXProject "ProxyChanger" */;
			compatibilityVersion = "Xcode 13.0";
			developmentRegion = en;
			hasScannedForEncodings = 0;
			knownRegions = (
				en,
				Base,
			);
			mainGroup = 4724F0BC28A4EE78004204FB;
			productRefGroup = 4724F0C628A4EE78004204FB /* Products */;
			projectDirPath = "";
			projectRoot = "";
			targets = (
				4724F0C428A4EE78004204FB /* ProxyChanger */,
				4724F0E428A4EE7A004204FB /* ProxyChangerUITests */,
			);
		};
/* End PBXProject section */

/* Begin PBXResourcesBuildPhase section */
		4724F0C328A4EE78004204FB /* Resources */ = {
			isa = PBXResourcesBuildPhase;
			buildActionMask = 2147483647;
			files = (
				4724F0D528A4EE7A004204FB /* LaunchScreen.storyboard in Resources */,
				4724F0D228A4EE7A004204FB /* Assets.xcassets in Resources */,
				4724F0D028A4EE78004204FB /* Main.storyboard in Resources */,
			);
			runOnlyForDeploymentPostprocessing = 0;
		};
		4724F0E328A4EE7A004204FB /* Resources */ = {
			isa = PBXResourcesBuildPhase;
			buildActionMask = 2147483647;
			files = (
			);
			runOnlyForDeploymentPostprocessing = 0;
		};
/* End PBXResourcesBuildPhase section */

/* Begin PBXSourcesBuildPhase section */
		4724F0C128A4EE78004204FB /* Sources */ = {
			isa = PBXSourcesBuildPhase;
			buildActionMask = 2147483647;
			files = (
				4724F0CD28A4EE78004204FB /* ViewController.swift in Sources */,
				4724F0C928A4EE78004204FB /* AppDelegate.swift in Sources */,
				4724F0CB28A4EE78004204FB /* SceneDelegate.swift in Sources */,
			);
			runOnlyForDeploymentPostprocessing = 0;
		};
		4724F0E128A4EE7A004204FB /* Sources */ = {
			isa = PBXSourcesBuildPhase;
			buildActionMask = 2147483647;
			files = (
				4724F0EA28A4EE7A004204FB /* ProxyChangerUITests.swift in Sources */,
			);
			runOnlyForDeploymentPostprocessing = 0;
		};
/* End PBXSourcesBuildPhase section */

/* Begin PBXTargetDependency section */
		4724F0E728A4EE7A004204FB /* PBXTargetDependency */ = {
			isa = PBXTargetDependency;
			target = 4724F0C428A4EE78004204FB /* ProxyChanger */;
			targetProxy = 4724F0E628A4EE7A004204FB /* PBXContainerItemProxy */;
		};
/* End PBXTargetDependency section */

/* Begin PBXVariantGroup section */
		4724F0CE28A4EE78004204FB /* Main.storyboard */ = {
			isa = PBXVariantGroup;
			children = (
				4724F0CF28A4EE78004204FB /* Base */,
			);
			name = Main.storyboard;
			sourceTree = "<group>";
		};
		4724F0D328A4EE7A004204FB /* LaunchScreen.storyboard */ = {
			isa = PBXVariantGroup;
			children = (
				4724F0D428A4EE7A004204FB /* Base */,
			);
			name = LaunchScreen.storyboard;
			sourceTree = "<group>";
		};
/* End PBXVariantGroup section */

/* Begin XCBuildConfiguration section */
		4724F0ED28A4EE7A004204FB /* Debug */ = {
			isa = XCBuildConfiguration;
			buildSettings = {
				ALWAYS_SEARCH_USER_PATHS = NO;
				CLANG_ANALYZER_NONNULL = YES;
				CLANG_ANALYZER_NUMBER_OBJECT_CONVERSION = YES_AGGRESSIVE;
				CLANG_CXX_LANGUAGE_STANDARD = "gnu++17";
				CLANG_CXX_LIBRARY = "libc++";
				CLANG_ENABLE_MODULES = YES;
				CLANG_ENABLE_OBJC_ARC = YES;
				CLANG_ENABLE_OBJC_WEAK = YES;
				CLANG_WARN_BLOCK_CAPTURE_AUTORELEASING = YES;
				CLANG_WARN_BOOL_CONVERSION = YES;
				CLANG_WARN_COMMA = YES;
				CLANG_WARN_CONSTANT_CONVERSION = YES;
				CLANG_WARN_DEPRECATED_OBJC_IMPLEMENTATIONS = YES;
				CLANG_WARN_DIRECT_OBJC_ISA_USAGE = YES_ERROR;
				CLANG_WARN_DOCUMENTATION_COMMENTS = YES;
				CLANG_WARN_EMPTY_BODY = YES;
				CLANG_WARN_ENUM_CONVERSION = YES;
				CLANG_WARN_INFINITE_RECURSION = YES;
				CLANG_WARN_INT_CONVERSION = YES;
				CLANG_WARN_NON_LITERAL_NULL_CONVERSION = YES;
				CLANG_WARN_OBJC_IMPLICIT_RETAIN_SELF = YES;
				CLANG_WARN_OBJC_LITERAL_CONVERSION = YES;
				CLANG_WARN_OBJC_ROOT_CLASS = YES_ERROR;
				CLANG_WARN_QUOTED_INCLUDE_IN_FRAMEWORK_HEADER = YES;
				CLANG_WARN_RANGE_LOOP_ANALYSIS = YES;
				CLANG_WARN_STRICT_PROTOTYPES = YES;
				CLANG_WARN_SUSPICIOUS_MOVE = YES;
				CLANG_WARN_UNGUARDED_AVAILABILITY = YES_AGGRESSIVE;
				CLANG_WARN_UNREACHABLE_CODE = YES;
				CLANG_WARN__DUPLICATE_METHOD_MATCH = YES;
				COPY_PHASE_STRIP = NO;
				DEBUG_INFORMATION_FORMAT = dwarf;
				ENABLE_STRICT_OBJC_MSGSEND = YES;
				ENABLE_TESTABILITY = YES;
				GCC_C_LANGUAGE_STANDARD = gnu11;
				GCC_DYNAMIC_NO_PIC = NO;
				GCC_NO_COMMON_BLOCKS = YES;
				GCC_OPTIMIZATION_LEVEL = 0;
				GCC_PREPROCESSOR_DEFINITIONS = (
					"DEBUG=1",
					"$(inherited)",
				);
				GCC_WARN_64_TO_32_BIT_CONVERSION = YES;
				GCC_WARN_ABOUT_RETURN_TYPE = YES_ERROR;
				GCC_WARN_UNDECLARED_SELECTOR = YES;
				GCC_WARN_UNINITIALIZED_AUTOS = YES_AGGRESSIVE;
				GCC_WARN_UNUSED_FUNCTION = YES;
				GCC_WARN_UNUSED_VARIABLE = YES;
				IPHONEOS_DEPLOYMENT_TARGET = 15.2;
				MTL_ENABLE_DEBUG_INFO = INCLUDE_SOURCE;
				MTL_FAST_MATH = YES;
				ONLY_ACTIVE_ARCH = YES;
				SDKROOT = iphoneos;
				SWIFT_ACTIVE_COMPILATION_CONDITIONS = DEBUG;
				SWIFT_OPTIMIZATION_LEVEL = "-Onone";
			};
			name = Debug;
		};
		4724F0EE28A4EE7A004204FB /* Release */ = {
			isa = XCBuildConfiguration;
			buildSettings = {
				ALWAYS_SEARCH_USER_PATHS = NO;
				CLANG_ANALYZER_NONNULL = YES;
				CLANG_ANALYZER_NUMBER_OBJECT_CONVERSION = YES_AGGRESSIVE;
				CLANG_CXX_LANGUAGE_STANDARD = "gnu++17";
				CLANG_CXX_LIBRARY = "libc++";
				CLANG_ENABLE_MODULES = YES;
				CLANG_ENABLE_OBJC_ARC = YES;
				CLANG_ENABLE_OBJC_WEAK = YES;
				CLANG_WARN_BLOCK_CAPTURE_AUTORELEASING = YES;
				CLANG_WARN_BOOL_CONVERSION = YES;
				CLANG_WARN_COMMA = YES;
				CLANG_WARN_CONSTANT_CONVERSION = YES;
				CLANG_WARN_DEPRECATED_OBJC_IMPLEMENTATIONS = YES;
				CLANG_WARN_DIRECT_OBJC_ISA_USAGE = YES_ERROR;
				CLANG_WARN_DOCUMENTATION_COMMENTS = YES;
				CLANG_WARN_EMPTY_BODY = YES;
				CLANG_WARN_ENUM_CONVERSION = YES;
				CLANG_WARN_INFINITE_RECURSION = YES;
				CLANG_WARN_INT_CONVERSION = YES;
				CLANG_WARN_NON_LITERAL_NULL_CONVERSION = YES;
				CLANG_WARN_OBJC_IMPLICIT_RETAIN_SELF = YES;
				CLANG_WARN_OBJC_LITERAL_CONVERSION = YES;
				CLANG_WARN_OBJC_ROOT_CLASS = YES_ERROR;
				CLANG_WARN_QUOTED_INCLUDE_IN_FRAMEWORK_HEADER = YES;
				CLANG_WARN_RANGE_LOOP_ANALYSIS = YES;
				CLANG_WARN_STRICT_PROTOTYPES = YES;
				CLANG_WARN_SUSPICIOUS_MOVE = YES;
				CLANG_WARN_UNGUARDED_AVAILABILITY = YES_AGGRESSIVE;
				CLANG_WARN_UNREACHABLE_CODE = YES;
				CLANG_WARN__DUPLICATE_METHOD_MATCH = YES;
				COPY_PHASE_STRIP = NO;
				DEBUG_INFORMATION_FORMAT = "dwarf-with-dsym";
				ENABLE_NS_ASSERTIONS = NO;
				ENABLE_STRICT_OBJC_MSGSEND = YES;
				GCC_C_LANGUAGE_STANDARD = gnu11;
				GCC_NO_COMMON_BLOCKS = YES;
				GCC_WARN_64_TO_32_BIT_CONVERSION = YES;
				GCC_WARN_ABOUT_RETURN_TYPE = YES_ERROR;
				GCC_WARN_UNDECLARED_SELECTOR = YES;
				GCC_WARN_UNINITIALIZED_AUTOS = YES_AGGRESSIVE;
				GCC_WARN_UNUSED_FUNCTION = YES;
				GCC_WARN_UNUSED_VARIABLE = YES;
				IPHONEOS_DEPLOYMENT_TARGET = 15.2;
				MTL_ENABLE_DEBUG_INFO = NO;
				MTL_FAST_MATH = YES;
				SDKROOT = iphoneos;
				SWIFT_COMPILATION_MODE = wholemodule;
				SWIFT_OPTIMIZATION_LEVEL = "-O";
				VALIDATE_PRODUCT = YES;
			};
			name = Release;
		};
		4724F0F028A4EE7A004204FB /* Debug */ = {
			isa = XCBuildConfiguration;
			buildSettings = {
				ASSETCATALOG_COMPILER_APPICON_NAME = AppIcon;
				ASSETCATALOG_COMPILER_GLOBAL_ACCENT_COLOR_NAME = AccentColor;
				CODE_SIGN_IDENTITY = "Apple Development";
				CODE_SIGN_STYLE = Automatic;
				CURRENT_PROJECT_VERSION = 1;
				DEVELOPMENT_TEAM = LD9DHUY7M9;
				GENERATE_INFOPLIST_FILE = YES;
				INFOPLIST_FILE = ProxyChanger/Info.plist;
				INFOPLIST_KEY_UIApplicationSupportsIndirectInputEvents = YES;
				INFOPLIST_KEY_UILaunchStoryboardName = LaunchScreen;
				INFOPLIST_KEY_UIMainStoryboardFile = Main;
				INFOPLIST_KEY_UISupportedInterfaceOrientations_iPad = "UIInterfaceOrientationPortrait UIInterfaceOrientationPortraitUpsideDown UIInterfaceOrientationLandscapeLeft UIInterfaceOrientationLandscapeRight";
				INFOPLIST_KEY_UISupportedInterfaceOrientations_iPhone = "UIInterfaceOrientationPortrait UIInterfaceOrientationLandscapeLeft UIInterfaceOrientationLandscapeRight";
				LD_RUNPATH_SEARCH_PATHS = (
					"$(inherited)",
					"@executable_path/Frameworks",
				);
				MARKETING_VERSION = 1.0;
				PRODUCT_BUNDLE_IDENTIFIER = com.xiaogd.ProxyChanger;
				PRODUCT_NAME = "$(TARGET_NAME)";
				PROVISIONING_PROFILE_SPECIFIER = "";
				SWIFT_EMIT_LOC_STRINGS = YES;
				SWIFT_VERSION = 5.0;
				TARGETED_DEVICE_FAMILY = "1,2";
			};
			name = Debug;
		};
		4724F0F128A4EE7A004204FB /* Release */ = {
			isa = XCBuildConfiguration;
			buildSettings = {
				ASSETCATALOG_COMPILER_APPICON_NAME = AppIcon;
				ASSETCATALOG_COMPILER_GLOBAL_ACCENT_COLOR_NAME = AccentColor;
				CODE_SIGN_IDENTITY = "Apple Development";
				CODE_SIGN_STYLE = Automatic;
				CURRENT_PROJECT_VERSION = 1;
				DEVELOPMENT_TEAM = LD9DHUY7M9;
				GENERATE_INFOPLIST_FILE = YES;
				INFOPLIST_FILE = ProxyChanger/Info.plist;
				INFOPLIST_KEY_UIApplicationSupportsIndirectInputEvents = YES;
				INFOPLIST_KEY_UILaunchStoryboardName = LaunchScreen;
				INFOPLIST_KEY_UIMainStoryboardFile = Main;
				INFOPLIST_KEY_UISupportedInterfaceOrientations_iPad = "UIInterfaceOrientationPortrait UIInterfaceOrientationPortraitUpsideDown UIInterfaceOrientationLandscapeLeft UIInterfaceOrientationLandscapeRight";
				INFOPLIST_KEY_UISupportedInterfaceOrientations_iPhone = "UIInterfaceOrientationPortrait UIInterfaceOrientationLandscapeLeft UIInterfaceOrientationLandscapeRight";
				LD_RUNPATH_SEARCH_PATHS = (
					"$(inherited)",
					"@executable_path/Frameworks",
				);
				MARKETING_VERSION = 1.0;
				PRODUCT_BUNDLE_IDENTIFIER = com.xiaogd.ProxyChanger;
				PRODUCT_NAME = "$(TARGET_NAME)";
				PROVISIONING_PROFILE_SPECIFIER = "";
				SWIFT_EMIT_LOC_STRINGS = YES;
				SWIFT_VERSION = 5.0;
				TARGETED_DEVICE_FAMILY = "1,2";
			};
			name = Release;
		};
		4724F0F628A4EE7A004204FB /* Debug */ = {
			isa = XCBuildConfiguration;
			buildSettings = {
				ALWAYS_EMBED_SWIFT_STANDARD_LIBRARIES = YES;
				ARCHS = "$(ARCHS_STANDARD)";
				CODE_SIGN_IDENTITY = "Apple Development";
				"CODE_SIGN_IDENTITY[sdk=macosx*]" = "-";
				CODE_SIGN_STYLE = Automatic;
				CURRENT_PROJECT_VERSION = 1;
				DEVELOPMENT_TEAM = LD9DHUY7M9;
				GENERATE_INFOPLIST_FILE = YES;
				INFOPLIST_FILE = ProxyChangerUITests/Info.plist;
				INFOPLIST_KEY_LSApplicationCategoryType = "";
				MARKETING_VERSION = 1.0;
				PRODUCT_BUNDLE_IDENTIFIER = com.xiaogd.ProxyChangerUITests;
				PRODUCT_NAME = "$(TARGET_NAME)";
				PROVISIONING_PROFILE_SPECIFIER = "";
				"PROVISIONING_PROFILE_SPECIFIER[sdk=macosx*]" = "";
				SWIFT_EMIT_LOC_STRINGS = NO;
				SWIFT_VERSION = 5.0;
				TARGETED_DEVICE_FAMILY = "1,2";
				TEST_TARGET_NAME = ProxyChanger;
			};
			name = Debug;
		};
		4724F0F728A4EE7A004204FB /* Release */ = {
			isa = XCBuildConfiguration;
			buildSettings = {
				ALWAYS_EMBED_SWIFT_STANDARD_LIBRARIES = YES;
				ARCHS = "$(ARCHS_STANDARD)";
				CODE_SIGN_IDENTITY = "Apple Development";
				"CODE_SIGN_IDENTITY[sdk=macosx*]" = "-";
				CODE_SIGN_STYLE = Automatic;
				CURRENT_PROJECT_VERSION = 1;
				DEVELOPMENT_TEAM = LD9DHUY7M9;
				GENERATE_INFOPLIST_FILE = YES;
				INFOPLIST_FILE = ProxyChangerUITests/Info.plist;
				INFOPLIST_KEY_LSApplicationCategoryType = "";
				MARKETING_VERSION = 1.0;
				PRODUCT_BUNDLE_IDENTIFIER = com.xiaogd.ProxyChangerUITests;
				PRODUCT_NAME = "$(TARGET_NAME)";
				PROVISIONING_PROFILE_SPECIFIER = "";
				"PROVISIONING_PROFILE_SPECIFIER[sdk=macosx*]" = "";
				SWIFT_EMIT_LOC_STRINGS = NO;
				SWIFT_VERSION = 5.0;
				TARGETED_DEVICE_FAMILY = "1,2";
				TEST_TARGET_NAME = ProxyChanger;
			};
			name = Release;
		};
/* End XCBuildConfiguration section */

/* Begin XCConfigurationList section */
		4724F0C028A4EE78004204FB /* Build configuration list for PBXProject "ProxyChanger" */ = {
			isa = XCConfigurationList;
			buildConfigurations = (
				4724F0ED28A4EE7A004204FB /* Debug */,
				4724F0EE28A4EE7A004204FB /* Release */,
			);
			defaultConfigurationIsVisible = 0;
			defaultConfigurationName = Release;
		};
		4724F0EF28A4EE7A004204FB /* Build configuration list for PBXNativeTarget "ProxyChanger" */ = {
			isa = XCConfigurationList;
			buildConfigurations = (
				4724F0F028A4EE7A004204FB /* Debug */,
				4724F0F128A4EE7A004204FB /* Release */,
			);
			defaultConfigurationIsVisible = 0;
			defaultConfigurationName = Release;
		};
		4724F0F528A4EE7A004204FB /* Build configuration list for PBXNativeTarget "ProxyChangerUITests" */ = {
			isa = XCConfigurationList;
			buildConfigurations = (
				4724F0F628A4EE7A004204FB /* Debug */,
				4724F0F728A4EE7A004204FB /* Release */,
			);
			defaultConfigurationIsVisible = 0;
			defaultConfigurationName = Release;
		};
/* End XCConfigurationList section */
	};
	rootObject = 4724F0BD28A4EE78004204FB /* Project object */;
}
